
Microsoft Visual Studio Solution File, Format Version 12.00
# Visual Studio 2013
VisualStudioVersion = 12.0.21005.1
MinimumVisualStudioVersion = 10.0.40219.1
Project("{FAE04EC0-301F-11D3-BF4B-00C04F79EFBC}") = "Evade", "Evade\Evade.csproj", "{DB77A04C-5163-445D-929C-2905C1A5E9E3}"
EndProject
Project("{FAE04EC0-301F-11D3-BF4B-00C04F79EFBC}") = "Karma", "Karma\Karma.csproj", "{9446F154-3A2B-41E6-9AAB-D76BD487E3E8}"
EndProject
Project("{FAE04EC0-301F-11D3-BF4B-00C04F79EFBC}") = "Marksman", "Marksman\Marksman.csproj", "{4E9F7272-33F7-465C-8BD9-87F801222C9E}"
EndProject
Project("{FAE04EC0-301F-11D3-BF4B-00C04F79EFBC}") = "Ryze", "Ryze\Ryze.csproj", "{88E594CB-F803-4291-A037-40B81549189B}"
EndProject
Project("{FAE04EC0-301F-11D3-BF4B-00C04F79EFBC}") = "Syndra", "Syndra\Syndra.csproj", "{8560BD7A-96BC-4FED-A6BE-28B2D0333473}"
EndProject
Project("{FAE04EC0-301F-11D3-BF4B-00C04F79EFBC}") = "TwistedFate", "Twisted Fate\TwistedFate.csproj", "{701772AD-6AAD-48F8-A098-7C01F9F4BF9B}"
EndProject
Project("{FAE04EC0-301F-11D3-BF4B-00C04F79EFBC}") = "Velkoz Assembly", "Velkoz\Velkoz Assembly.csproj", "{C1FB4CB4-4DE5-4913-9941-12548C852895}"
EndProject
Project("{FAE04EC0-301F-11D3-BF4B-00C04F79EFBC}") = "Xerath", "Xerath\Xerath.csproj", "{B6FA6FE8-FF18-4BB5-AD30-043E00C1562B}"
EndProject
Project("{FAE04EC0-301F-11D3-BF4B-00C04F79EFBC}") = "Ziggs", "Ziggs\Ziggs.csproj", "{89252065-9FA8-43E7-81C7-F78BFCF2E8B8}"
EndProject
Global
	GlobalSection(SolutionConfigurationPlatforms) = preSolution
		Debug|Any CPU = Debug|Any CPU
		Release|Any CPU = Release|Any CPU
	EndGlobalSection
	GlobalSection(ProjectConfigurationPlatforms) = postSolution
		{DB77A04C-5163-445D-929C-2905C1A5E9E3}.Debug|Any CPU.ActiveCfg = Debug|Any CPU
		{DB77A04C-5163-445D-929C-2905C1A5E9E3}.Debug|Any CPU.Build.0 = Debug|Any CPU
		{DB77A04C-5163-445D-929C-2905C1A5E9E3}.Release|Any CPU.ActiveCfg = Release|Any CPU
		{DB77A04C-5163-445D-929C-2905C1A5E9E3}.Release|Any CPU.Build.0 = Release|Any CPU
		{9446F154-3A2B-41E6-9AAB-D76BD487E3E8}.Debug|Any CPU.ActiveCfg = Debug|Any CPU
		{9446F154-3A2B-41E6-9AAB-D76BD487E3E8}.Debug|Any CPU.Build.0 = Debug|Any CPU
		{9446F154-3A2B-41E6-9AAB-D76BD487E3E8}.Release|Any CPU.ActiveCfg = Release|Any CPU
		{9446F154-3A2B-41E6-9AAB-D76BD487E3E8}.Release|Any CPU.Build.0 = Release|Any CPU
		{4E9F7272-33F7-465C-8BD9-87F801222C9E}.Debug|Any CPU.ActiveCfg = Debug|Any CPU
		{4E9F7272-33F7-465C-8BD9-87F801222C9E}.Debug|Any CPU.Build.0 = Debug|Any CPU
		{4E9F7272-33F7-465C-8BD9-87F801222C9E}.Release|Any CPU.ActiveCfg = Release|Any CPU
		{4E9F7272-33F7-465C-8BD9-87F801222C9E}.Release|Any CPU.Build.0 = Release|Any CPU
		{88E594CB-F803-4291-A037-40B81549189B}.Debug|Any CPU.ActiveCfg = Debug|Any CPU
		{88E594CB-F803-4291-A037-40B81549189B}.Debug|Any CPU.Build.0 = Debug|Any CPU
		{88E594CB-F803-4291-A037-40B81549189B}.Release|Any CPU.ActiveCfg = Release|Any CPU
		{88E594CB-F803-4291-A037-40B81549189B}.Release|Any CPU.Build.0 = Release|Any CPU
		{8560BD7A-96BC-4FED-A6BE-28B2D0333473}.Debug|Any CPU.ActiveCfg = Debug|Any CPU
		{8560BD7A-96BC-4FED-A6BE-28B2D0333473}.Debug|Any CPU.Build.0 = Debug|Any CPU
		{8560BD7A-96BC-4FED-A6BE-28B2D0333473}.Release|Any CPU.ActiveCfg = Release|Any CPU
		{8560BD7A-96BC-4FED-A6BE-28B2D0333473}.Release|Any CPU.Build.0 = Release|Any CPU
		{701772AD-6AAD-48F8-A098-7C01F9F4BF9B}.Debug|Any CPU.ActiveCfg = Debug|Any CPU
		{701772AD-6AAD-48F8-A098-7C01F9F4BF9B}.Debug|Any CPU.Build.0 = Debug|Any CPU
		{701772AD-6AAD-48F8-A098-7C01F9F4BF9B}.Release|Any CPU.ActiveCfg = Release|Any CPU
		{701772AD-6AAD-48F8-A098-7C01F9F4BF9B}.Release|Any CPU.Build.0 = Release|Any CPU
		{C1FB4CB4-4DE5-4913-9941-12548C852895}.Debug|Any CPU.ActiveCfg = Debug|Any CPU
		{C1FB4CB4-4DE5-4913-9941-12548C852895}.Debug|Any CPU.Build.0 = Debug|Any CPU
		{C1FB4CB4-4DE5-4913-9941-12548C852895}.Release|Any CPU.ActiveCfg = Release|Any CPU
		{C1FB4CB4-4DE5-4913-9941-12548C852895}.Release|Any CPU.Build.0 = Release|Any CPU
		{B6FA6FE8-FF18-4BB5-AD30-043E00C1562B}.Debug|Any CPU.ActiveCfg = Debug|Any CPU
		{B6FA6FE8-FF18-4BB5-AD30-043E00C1562B}.Debug|Any CPU.Build.0 = Debug|Any CPU
		{B6FA6FE8-FF18-4BB5-AD30-043E00C1562B}.Release|Any CPU.ActiveCfg = Release|Any CPU
		{B6FA6FE8-FF18-4BB5-AD30-043E00C1562B}.Release|Any CPU.Build.0 = Release|Any CPU
		{89252065-9FA8-43E7-81C7-F78BFCF2E8B8}.Debug|Any CPU.ActiveCfg = Debug|Any CPU
		{89252065-9FA8-43E7-81C7-F78BFCF2E8B8}.Debug|Any CPU.Build.0 = Debug|Any CPU
		{89252065-9FA8-43E7-81C7-F78BFCF2E8B8}.Release|Any CPU.ActiveCfg = Release|Any CPU
		{89252065-9FA8-43E7-81C7-F78BFCF2E8B8}.Release|Any CPU.Build.0 = Release|Any CPU
	EndGlobalSection
	GlobalSection(SolutionProperties) = preSolution
		HideSolutionNode = FALSE
	EndGlobalSection
EndGlobal
